
Microsoft Visual Studio Solution File, Format Version 12.00
# Visual Studio Version 16
VisualStudioVersion = 16.0.29509.3
MinimumVisualStudioVersion = 10.0.40219.1
Project("{FAE04EC0-301F-11D3-BF4B-00C04F79EFBC}") = "WpfGunnarsAuto", "WpfGunnarsAuto\WpfGunnarsAuto.csproj", "{0CC6ED92-A075-4949-B2D4-6976ADE4CFFD}"
EndProject
Global
	GlobalSection(SolutionConfigurationPlatforms) = preSolution
		Debug|Any CPU = Debug|Any CPU
		Release|Any CPU = Release|Any CPU
	EndGlobalSection
	GlobalSection(ProjectConfigurationPlatforms) = postSolution
		{0CC6ED92-A075-4949-B2D4-6976ADE4CFFD}.Debug|Any CPU.ActiveCfg = Debug|Any CPU
		{0CC6ED92-A075-4949-B2D4-6976ADE4CFFD}.Debug|Any CPU.Build.0 = Debug|Any CPU
		{0CC6ED92-A075-4949-B2D4-6976ADE4CFFD}.Release|Any CPU.ActiveCfg = Release|Any CPU
		{0CC6ED92-A075-4949-B2D4-6976ADE4CFFD}.Release|Any CPU.Build.0 = Release|Any CPU
	EndGlobalSection
	GlobalSection(SolutionProperties) = preSolution
		HideSolutionNode = FALSE
	EndGlobalSection
	GlobalSection(ExtensibilityGlobals) = postSolution
		SolutionGuid = {76908198-80D0-4EB1-B83D-D61BE02ECE85}
	EndGlobalSection
EndGlobal
